
Microsoft Visual Studio Solution File, Format Version 12.00
# Visual Studio Version 17
VisualStudioVersion = 17.13.35919.96 d17.13
MinimumVisualStudioVersion = 10.0.40219.1
Project("{FAE04EC0-301F-11D3-BF4B-00C04F79EFBC}") = "LibraryProducts", "LibraryProducts\LibraryProducts.csproj", "{CE4A1D95-B449-4FA2-A07D-1977D80C40FF}"
EndProject
Global
	GlobalSection(SolutionConfigurationPlatforms) = preSolution
		Debug|Any CPU = Debug|Any CPU
		Release|Any CPU = Release|Any CPU
	EndGlobalSection
	GlobalSection(ProjectConfigurationPlatforms) = postSolution
		{CE4A1D95-B449-4FA2-A07D-1977D80C40FF}.Debug|Any CPU.ActiveCfg = Debug|Any CPU
		{CE4A1D95-B449-4FA2-A07D-1977D80C40FF}.Debug|Any CPU.Build.0 = Debug|Any CPU
		{CE4A1D95-B449-4FA2-A07D-1977D80C40FF}.Release|Any CPU.ActiveCfg = Release|Any CPU
		{CE4A1D95-B449-4FA2-A07D-1977D80C40FF}.Release|Any CPU.Build.0 = Release|Any CPU
	EndGlobalSection
	GlobalSection(SolutionProperties) = preSolution
		HideSolutionNode = FALSE
	EndGlobalSection
	GlobalSection(ExtensibilityGlobals) = postSolution
		SolutionGuid = {FA2F097A-F3D6-409A-8083-42CEF2D4276C}
	EndGlobalSection
EndGlobal
