
Microsoft Visual Studio Solution File, Format Version 12.00
# Visual Studio Version 17
VisualStudioVersion = 17.11.35312.102
MinimumVisualStudioVersion = 10.0.40219.1
Project("{FAE04EC0-301F-11D3-BF4B-00C04F79EFBC}") = "LR_3", "LR_3\LR_3.csproj", "{10F2C863-A72F-45EA-A1B6-E511CFD4DB86}"
EndProject
Global
	GlobalSection(SolutionConfigurationPlatforms) = preSolution
		Debug|Any CPU = Debug|Any CPU
		Release|Any CPU = Release|Any CPU
	EndGlobalSection
	GlobalSection(ProjectConfigurationPlatforms) = postSolution
		{10F2C863-A72F-45EA-A1B6-E511CFD4DB86}.Debug|Any CPU.ActiveCfg = Debug|Any CPU
		{10F2C863-A72F-45EA-A1B6-E511CFD4DB86}.Debug|Any CPU.Build.0 = Debug|Any CPU
		{10F2C863-A72F-45EA-A1B6-E511CFD4DB86}.Release|Any CPU.ActiveCfg = Release|Any CPU
		{10F2C863-A72F-45EA-A1B6-E511CFD4DB86}.Release|Any CPU.Build.0 = Release|Any CPU
	EndGlobalSection
	GlobalSection(SolutionProperties) = preSolution
		HideSolutionNode = FALSE
	EndGlobalSection
	GlobalSection(ExtensibilityGlobals) = postSolution
		SolutionGuid = {50F8E1AE-D087-4C4B-AA0A-EDD4F6E29E4B}
	EndGlobalSection
EndGlobal
