
Microsoft Visual Studio Solution File, Format Version 12.00
# Visual Studio Version 17
VisualStudioVersion = 17.11.35312.102
MinimumVisualStudioVersion = 10.0.40219.1
Project("{FAE04EC0-301F-11D3-BF4B-00C04F79EFBC}") = "SportProgram", "SportProgram\SportProgram.csproj", "{2856D207-9B3E-4AF9-8362-ABEEB5C5DCF9}"
EndProject
Global
	GlobalSection(SolutionConfigurationPlatforms) = preSolution
		Debug|Any CPU = Debug|Any CPU
		Release|Any CPU = Release|Any CPU
	EndGlobalSection
	GlobalSection(ProjectConfigurationPlatforms) = postSolution
		{2856D207-9B3E-4AF9-8362-ABEEB5C5DCF9}.Debug|Any CPU.ActiveCfg = Debug|Any CPU
		{2856D207-9B3E-4AF9-8362-ABEEB5C5DCF9}.Debug|Any CPU.Build.0 = Debug|Any CPU
		{2856D207-9B3E-4AF9-8362-ABEEB5C5DCF9}.Release|Any CPU.ActiveCfg = Release|Any CPU
		{2856D207-9B3E-4AF9-8362-ABEEB5C5DCF9}.Release|Any CPU.Build.0 = Release|Any CPU
	EndGlobalSection
	GlobalSection(SolutionProperties) = preSolution
		HideSolutionNode = FALSE
	EndGlobalSection
	GlobalSection(ExtensibilityGlobals) = postSolution
		SolutionGuid = {81A38969-CB00-4553-A753-4DE1CFD0B505}
	EndGlobalSection
EndGlobal
