
Microsoft Visual Studio Solution File, Format Version 12.00
# Visual Studio Version 17
VisualStudioVersion = 17.11.35327.3
MinimumVisualStudioVersion = 10.0.40219.1
Project("{9A19103F-16F7-4668-BE54-9A1E7A4F7556}") = "PR_9", "PR_9\PR_9.csproj", "{EF252946-0761-4BF5-B3B6-CCCC8705EE36}"
EndProject
Project("{FAE04EC0-301F-11D3-BF4B-00C04F79EFBC}") = "TestProject", "TestProject\TestProject.csproj", "{9DC3B48D-9DD7-40B9-A19F-6F437DB673F1}"
EndProject
Global
	GlobalSection(SolutionConfigurationPlatforms) = preSolution
		Debug|Any CPU = Debug|Any CPU
		Release|Any CPU = Release|Any CPU
	EndGlobalSection
	GlobalSection(ProjectConfigurationPlatforms) = postSolution
		{EF252946-0761-4BF5-B3B6-CCCC8705EE36}.Debug|Any CPU.ActiveCfg = Debug|Any CPU
		{EF252946-0761-4BF5-B3B6-CCCC8705EE36}.Debug|Any CPU.Build.0 = Debug|Any CPU
		{EF252946-0761-4BF5-B3B6-CCCC8705EE36}.Release|Any CPU.ActiveCfg = Release|Any CPU
		{EF252946-0761-4BF5-B3B6-CCCC8705EE36}.Release|Any CPU.Build.0 = Release|Any CPU
		{9DC3B48D-9DD7-40B9-A19F-6F437DB673F1}.Debug|Any CPU.ActiveCfg = Debug|Any CPU
		{9DC3B48D-9DD7-40B9-A19F-6F437DB673F1}.Debug|Any CPU.Build.0 = Debug|Any CPU
		{9DC3B48D-9DD7-40B9-A19F-6F437DB673F1}.Release|Any CPU.ActiveCfg = Release|Any CPU
		{9DC3B48D-9DD7-40B9-A19F-6F437DB673F1}.Release|Any CPU.Build.0 = Release|Any CPU
	EndGlobalSection
	GlobalSection(SolutionProperties) = preSolution
		HideSolutionNode = FALSE
	EndGlobalSection
	GlobalSection(ExtensibilityGlobals) = postSolution
		SolutionGuid = {F54FFBC5-59E2-422F-AFF8-F492BAA829E8}
	EndGlobalSection
EndGlobal
