
Microsoft Visual Studio Solution File, Format Version 12.00
# Visual Studio Version 17
VisualStudioVersion = 17.13.35919.96 d17.13
MinimumVisualStudioVersion = 10.0.40219.1
Project("{FAE04EC0-301F-11D3-BF4B-00C04F79EFBC}") = "CollectionClases", "CollectionClases\CollectionClases.csproj", "{78FA8EB7-5CF8-4ACC-AF7A-BC79AD6AB6C0}"
EndProject
Global
	GlobalSection(SolutionConfigurationPlatforms) = preSolution
		Debug|Any CPU = Debug|Any CPU
		Release|Any CPU = Release|Any CPU
	EndGlobalSection
	GlobalSection(ProjectConfigurationPlatforms) = postSolution
		{78FA8EB7-5CF8-4ACC-AF7A-BC79AD6AB6C0}.Debug|Any CPU.ActiveCfg = Debug|Any CPU
		{78FA8EB7-5CF8-4ACC-AF7A-BC79AD6AB6C0}.Debug|Any CPU.Build.0 = Debug|Any CPU
		{78FA8EB7-5CF8-4ACC-AF7A-BC79AD6AB6C0}.Release|Any CPU.ActiveCfg = Release|Any CPU
		{78FA8EB7-5CF8-4ACC-AF7A-BC79AD6AB6C0}.Release|Any CPU.Build.0 = Release|Any CPU
	EndGlobalSection
	GlobalSection(SolutionProperties) = preSolution
		HideSolutionNode = FALSE
	EndGlobalSection
	GlobalSection(ExtensibilityGlobals) = postSolution
		SolutionGuid = {549206E0-2B77-4B75-8487-546CD3F253A9}
	EndGlobalSection
EndGlobal
